
Microsoft Visual Studio Solution File, Format Version 12.00
# Visual Studio Version 16
VisualStudioVersion = 16.0.30114.105
MinimumVisualStudioVersion = 10.0.40219.1
Project("{FAE04EC0-301F-11D3-BF4B-00C04F79EFBC}") = "CivModTool", "CivModTool\CivModTool.csproj", "{D5E65DB8-928F-4BF9-BE5B-958E44FBEAC0}"
EndProject
Global
	GlobalSection(SolutionConfigurationPlatforms) = preSolution
		Debug|Any CPU = Debug|Any CPU
		Release|Any CPU = Release|Any CPU
	EndGlobalSection
	GlobalSection(ProjectConfigurationPlatforms) = postSolution
		{D5E65DB8-928F-4BF9-BE5B-958E44FBEAC0}.Debug|Any CPU.ActiveCfg = Debug|Any CPU
		{D5E65DB8-928F-4BF9-BE5B-958E44FBEAC0}.Debug|Any CPU.Build.0 = Debug|Any CPU
		{D5E65DB8-928F-4BF9-BE5B-958E44FBEAC0}.Release|Any CPU.ActiveCfg = Release|Any CPU
		{D5E65DB8-928F-4BF9-BE5B-958E44FBEAC0}.Release|Any CPU.Build.0 = Release|Any CPU
	EndGlobalSection
	GlobalSection(SolutionProperties) = preSolution
		HideSolutionNode = FALSE
	EndGlobalSection
	GlobalSection(ExtensibilityGlobals) = postSolution
		SolutionGuid = {0AB912D7-56A1-423B-AAC1-C6EF85A879B4}
	EndGlobalSection
EndGlobal
